
Microsoft Visual Studio Solution File, Format Version 11.00
# Visual Studio 2010
Project("{FAE04EC0-301F-11D3-BF4B-00C04F79EFBC}") = "KeyValueBase", "KeyValueBase\KeyValueBase.csproj", "{29CFD570-95EF-4833-9999-A8AF28B4CC7A}"
EndProject
Project("{FAE04EC0-301F-11D3-BF4B-00C04F79EFBC}") = "KeyValueBaseClient", "KeyValueBaseClient\KeyValueBaseClient.csproj", "{C8044BFF-BE40-432C-BC9B-5CB13F8EFFBC}"
	ProjectSection(ProjectDependencies) = postProject
		{29CFD570-95EF-4833-9999-A8AF28B4CC7A} = {29CFD570-95EF-4833-9999-A8AF28B4CC7A}
	EndProjectSection
EndProject
Global
	GlobalSection(SolutionConfigurationPlatforms) = preSolution
		Debug|Any CPU = Debug|Any CPU
		Release|Any CPU = Release|Any CPU
	EndGlobalSection
	GlobalSection(ProjectConfigurationPlatforms) = postSolution
		{29CFD570-95EF-4833-9999-A8AF28B4CC7A}.Debug|Any CPU.ActiveCfg = Debug|Any CPU
		{29CFD570-95EF-4833-9999-A8AF28B4CC7A}.Debug|Any CPU.Build.0 = Debug|Any CPU
		{29CFD570-95EF-4833-9999-A8AF28B4CC7A}.Release|Any CPU.ActiveCfg = Release|Any CPU
		{29CFD570-95EF-4833-9999-A8AF28B4CC7A}.Release|Any CPU.Build.0 = Release|Any CPU
		{C8044BFF-BE40-432C-BC9B-5CB13F8EFFBC}.Debug|Any CPU.ActiveCfg = Debug|Any CPU
		{C8044BFF-BE40-432C-BC9B-5CB13F8EFFBC}.Debug|Any CPU.Build.0 = Debug|Any CPU
		{C8044BFF-BE40-432C-BC9B-5CB13F8EFFBC}.Release|Any CPU.ActiveCfg = Release|Any CPU
		{C8044BFF-BE40-432C-BC9B-5CB13F8EFFBC}.Release|Any CPU.Build.0 = Release|Any CPU
	EndGlobalSection
	GlobalSection(SolutionProperties) = preSolution
		HideSolutionNode = FALSE
	EndGlobalSection
EndGlobal
